
Microsoft Visual Studio Solution File, Format Version 12.00
# Visual Studio Version 16
VisualStudioVersion = 16.0.28803.202
MinimumVisualStudioVersion = 10.0.40219.1
Project("{FAE04EC0-301F-11D3-BF4B-00C04F79EFBC}") = "GUI", "GUI\GUI.csproj", "{375F25F9-B4B7-4B7E-A820-FE6379639146}"
EndProject
Project("{FAE04EC0-301F-11D3-BF4B-00C04F79EFBC}") = "BL", "BLL\BL.csproj", "{CCDD04DE-A4BE-449B-AE3C-7F6E99E9CD67}"
EndProject
Project("{FAE04EC0-301F-11D3-BF4B-00C04F79EFBC}") = "DA", "DAL\DA.csproj", "{6663DDE7-01B7-4D61-898D-207C86D36AB3}"
EndProject
Project("{FAE04EC0-301F-11D3-BF4B-00C04F79EFBC}") = "DTO", "DTO\DTO.csproj", "{548880A5-7699-4D75-A455-51EAB451C7F3}"
EndProject
Global
	GlobalSection(SolutionConfigurationPlatforms) = preSolution
		Debug|Any CPU = Debug|Any CPU
		Release|Any CPU = Release|Any CPU
	EndGlobalSection
	GlobalSection(ProjectConfigurationPlatforms) = postSolution
		{375F25F9-B4B7-4B7E-A820-FE6379639146}.Debug|Any CPU.ActiveCfg = Debug|Any CPU
		{375F25F9-B4B7-4B7E-A820-FE6379639146}.Debug|Any CPU.Build.0 = Debug|Any CPU
		{375F25F9-B4B7-4B7E-A820-FE6379639146}.Release|Any CPU.ActiveCfg = Release|Any CPU
		{375F25F9-B4B7-4B7E-A820-FE6379639146}.Release|Any CPU.Build.0 = Release|Any CPU
		{CCDD04DE-A4BE-449B-AE3C-7F6E99E9CD67}.Debug|Any CPU.ActiveCfg = Debug|Any CPU
		{CCDD04DE-A4BE-449B-AE3C-7F6E99E9CD67}.Debug|Any CPU.Build.0 = Debug|Any CPU
		{CCDD04DE-A4BE-449B-AE3C-7F6E99E9CD67}.Release|Any CPU.ActiveCfg = Release|Any CPU
		{CCDD04DE-A4BE-449B-AE3C-7F6E99E9CD67}.Release|Any CPU.Build.0 = Release|Any CPU
		{6663DDE7-01B7-4D61-898D-207C86D36AB3}.Debug|Any CPU.ActiveCfg = Debug|Any CPU
		{6663DDE7-01B7-4D61-898D-207C86D36AB3}.Debug|Any CPU.Build.0 = Debug|Any CPU
		{6663DDE7-01B7-4D61-898D-207C86D36AB3}.Release|Any CPU.ActiveCfg = Release|Any CPU
		{6663DDE7-01B7-4D61-898D-207C86D36AB3}.Release|Any CPU.Build.0 = Release|Any CPU
		{548880A5-7699-4D75-A455-51EAB451C7F3}.Debug|Any CPU.ActiveCfg = Debug|Any CPU
		{548880A5-7699-4D75-A455-51EAB451C7F3}.Debug|Any CPU.Build.0 = Debug|Any CPU
		{548880A5-7699-4D75-A455-51EAB451C7F3}.Release|Any CPU.ActiveCfg = Release|Any CPU
		{548880A5-7699-4D75-A455-51EAB451C7F3}.Release|Any CPU.Build.0 = Release|Any CPU
	EndGlobalSection
	GlobalSection(SolutionProperties) = preSolution
		HideSolutionNode = FALSE
	EndGlobalSection
	GlobalSection(ExtensibilityGlobals) = postSolution
		SolutionGuid = {2DC02279-DF31-4872-961C-B5A6B3704CD2}
	EndGlobalSection
EndGlobal
